
Microsoft Visual Studio Solution File, Format Version 11.00
# Visual Studio 2010
Project("{FAE04EC0-301F-11D3-BF4B-00C04F79EFBC}") = "Bounce.WindowsPhone", "Bounce.WindowsPhone\Bounce.WindowsPhone\Bounce.WindowsPhone.csproj", "{9597F2C2-CC9F-495C-BFF4-515A03EE7F78}"
EndProject
Project("{96E2B04D-8817-42C6-938A-82C39BA4D311}") = "Bounce.WindowsPhoneContent", "Bounce.WindowsPhone\Bounce.WindowsPhoneContent\Bounce.WindowsPhoneContent.contentproj", "{E49A74BD-053C-45A2-8E3C-5F1B25636351}"
EndProject
Global
	GlobalSection(SolutionConfigurationPlatforms) = preSolution
		Debug|Windows Phone = Debug|Windows Phone
		Release|Windows Phone = Release|Windows Phone
	EndGlobalSection
	GlobalSection(ProjectConfigurationPlatforms) = postSolution
		{9597F2C2-CC9F-495C-BFF4-515A03EE7F78}.Debug|Windows Phone.ActiveCfg = Debug|Windows Phone
		{9597F2C2-CC9F-495C-BFF4-515A03EE7F78}.Debug|Windows Phone.Build.0 = Debug|Windows Phone
		{9597F2C2-CC9F-495C-BFF4-515A03EE7F78}.Debug|Windows Phone.Deploy.0 = Debug|Windows Phone
		{9597F2C2-CC9F-495C-BFF4-515A03EE7F78}.Release|Windows Phone.ActiveCfg = Release|Windows Phone
		{9597F2C2-CC9F-495C-BFF4-515A03EE7F78}.Release|Windows Phone.Build.0 = Release|Windows Phone
		{9597F2C2-CC9F-495C-BFF4-515A03EE7F78}.Release|Windows Phone.Deploy.0 = Release|Windows Phone
		{E49A74BD-053C-45A2-8E3C-5F1B25636351}.Debug|Windows Phone.ActiveCfg = Debug|Windows Phone
		{E49A74BD-053C-45A2-8E3C-5F1B25636351}.Release|Windows Phone.ActiveCfg = Release|Windows Phone
	EndGlobalSection
	GlobalSection(SolutionProperties) = preSolution
		HideSolutionNode = FALSE
	EndGlobalSection
EndGlobal
